
Microsoft Visual Studio Solution File, Format Version 12.00
# Visual Studio 15
VisualStudioVersion = 15.0.27004.2006
MinimumVisualStudioVersion = 10.0.40219.1
Project("{FAE04EC0-301F-11D3-BF4B-00C04F79EFBC}") = "OpenSCM.ClientService.Application", "OpenSCM.ClientService.Application\OpenSCM.ClientService.Application.csproj", "{201DF57D-581E-42F9-A984-0F0B4AF69931}"
EndProject
Project("{FAE04EC0-301F-11D3-BF4B-00C04F79EFBC}") = "OpenSCM.ClientService.AutoUpdate", "OpenSCM.ClientService.AutoUpdate\OpenSCM.ClientService.AutoUpdate.csproj", "{AAEAFD4C-914F-4D5A-A25F-793FC2E5EE12}"
EndProject
Project("{FAE04EC0-301F-11D3-BF4B-00C04F79EFBC}") = "OpenSCM.ClientService.Core", "OpenSCM.ClientService.Core\OpenSCM.ClientService.Core.csproj", "{595511D0-FCF5-4DBB-886A-52CF6F959DB7}"
EndProject
Project("{FAE04EC0-301F-11D3-BF4B-00C04F79EFBC}") = "OpenSCM.ClientService.start", "OpenSCM.ClientService.start\OpenSCM.ClientService.start.csproj", "{BE2A2204-FF13-4421-87AA-50080F29BDAC}"
EndProject
Global
	GlobalSection(SolutionConfigurationPlatforms) = preSolution
		Debug|Any CPU = Debug|Any CPU
		Release|Any CPU = Release|Any CPU
	EndGlobalSection
	GlobalSection(ProjectConfigurationPlatforms) = postSolution
		{201DF57D-581E-42F9-A984-0F0B4AF69931}.Debug|Any CPU.ActiveCfg = Debug|Any CPU
		{201DF57D-581E-42F9-A984-0F0B4AF69931}.Debug|Any CPU.Build.0 = Debug|Any CPU
		{201DF57D-581E-42F9-A984-0F0B4AF69931}.Release|Any CPU.ActiveCfg = Release|Any CPU
		{201DF57D-581E-42F9-A984-0F0B4AF69931}.Release|Any CPU.Build.0 = Release|Any CPU
		{AAEAFD4C-914F-4D5A-A25F-793FC2E5EE12}.Debug|Any CPU.ActiveCfg = Debug|Any CPU
		{AAEAFD4C-914F-4D5A-A25F-793FC2E5EE12}.Debug|Any CPU.Build.0 = Debug|Any CPU
		{AAEAFD4C-914F-4D5A-A25F-793FC2E5EE12}.Release|Any CPU.ActiveCfg = Release|Any CPU
		{AAEAFD4C-914F-4D5A-A25F-793FC2E5EE12}.Release|Any CPU.Build.0 = Release|Any CPU
		{595511D0-FCF5-4DBB-886A-52CF6F959DB7}.Debug|Any CPU.ActiveCfg = Debug|Any CPU
		{595511D0-FCF5-4DBB-886A-52CF6F959DB7}.Debug|Any CPU.Build.0 = Debug|Any CPU
		{595511D0-FCF5-4DBB-886A-52CF6F959DB7}.Release|Any CPU.ActiveCfg = Release|Any CPU
		{595511D0-FCF5-4DBB-886A-52CF6F959DB7}.Release|Any CPU.Build.0 = Release|Any CPU
		{BE2A2204-FF13-4421-87AA-50080F29BDAC}.Debug|Any CPU.ActiveCfg = Debug|Any CPU
		{BE2A2204-FF13-4421-87AA-50080F29BDAC}.Debug|Any CPU.Build.0 = Debug|Any CPU
		{BE2A2204-FF13-4421-87AA-50080F29BDAC}.Release|Any CPU.ActiveCfg = Release|Any CPU
		{BE2A2204-FF13-4421-87AA-50080F29BDAC}.Release|Any CPU.Build.0 = Release|Any CPU
	EndGlobalSection
	GlobalSection(SolutionProperties) = preSolution
		HideSolutionNode = FALSE
	EndGlobalSection
	GlobalSection(ExtensibilityGlobals) = postSolution
		SolutionGuid = {0E2564E9-1DFA-4392-A614-F882803CCBCE}
	EndGlobalSection
EndGlobal
